// !$*UTF8*$!
{
	archiveVersion = 1;
	classes = {
	};
	objectVersion = 55;
	objects = {

/* Begin PBXBuildFile section */
		B218DEC32858250C008144C7 /* WordCache.swift in Sources */ = {isa = PBXBuildFile; fileRef = B218DEC22858250C008144C7 /* WordCache.swift */; };
		B23129FA283C279A00E25570 /* KeyboardView.swift in Sources */ = {isa = PBXBuildFile; fileRef = B23129F9283C279A00E25570 /* KeyboardView.swift */; };
		B263D3352834102000123733 /* MuddleUIApp.swift in Sources */ = {isa = PBXBuildFile; fileRef = B263D3342834102000123733 /* MuddleUIApp.swift */; };
		B263D3372834102000123733 /* ContentView.swift in Sources */ = {isa = PBXBuildFile; fileRef = B263D3362834102000123733 /* ContentView.swift */; };
		B263D3392834102100123733 /* Assets.xcassets in Resources */ = {isa = PBXBuildFile; fileRef = B263D3382834102100123733 /* Assets.xcassets */; };
		B263D33C2834102100123733 /* Preview Assets.xcassets in Resources */ = {isa = PBXBuildFile; fileRef = B263D33B2834102100123733 /* Preview Assets.xcassets */; };
		B263D3432834273900123733 /* LetterBox.swift in Sources */ = {isa = PBXBuildFile; fileRef = B263D3422834273900123733 /* LetterBox.swift */; };
		B263D3472837F91C00123733 /* BoardDataModel.swift in Sources */ = {isa = PBXBuildFile; fileRef = B263D3462837F91C00123733 /* BoardDataModel.swift */; };
		B263D34B2837FC8C00123733 /* GameState.swift in Sources */ = {isa = PBXBuildFile; fileRef = B263D34A2837FC8C00123733 /* GameState.swift */; };
		B29A5E5A28401D0600B35EB1 /* BoardModifiers.swift in Sources */ = {isa = PBXBuildFile; fileRef = B29A5E5928401D0600B35EB1 /* BoardModifiers.swift */; };
/* End PBXBuildFile section */

/* Begin PBXFileReference section */
		B218DEC22858250C008144C7 /* WordCache.swift */ = {isa = PBXFileReference; lastKnownFileType = sourcecode.swift; path = WordCache.swift; sourceTree = "<group>"; };
		B23129F9283C279A00E25570 /* KeyboardView.swift */ = {isa = PBXFileReference; lastKnownFileType = sourcecode.swift; path = KeyboardView.swift; sourceTree = "<group>"; };
		B263D3312834102000123733 /* MuddleUI.app */ = {isa = PBXFileReference; explicitFileType = wrapper.application; includeInIndex = 0; path = MuddleUI.app; sourceTree = BUILT_PRODUCTS_DIR; };
		B263D3342834102000123733 /* MuddleUIApp.swift */ = {isa = PBXFileReference; lastKnownFileType = sourcecode.swift; path = MuddleUIApp.swift; sourceTree = "<group>"; };
		B263D3362834102000123733 /* ContentView.swift */ = {isa = PBXFileReference; lastKnownFileType = sourcecode.swift; path = ContentView.swift; sourceTree = "<group>"; };
		B263D3382834102100123733 /* Assets.xcassets */ = {isa = PBXFileReference; lastKnownFileType = folder.assetcatalog; path = Assets.xcassets; sourceTree = "<group>"; };
		B263D33B2834102100123733 /* Preview Assets.xcassets */ = {isa = PBXFileReference; lastKnownFileType = folder.assetcatalog; path = "Preview Assets.xcassets"; sourceTree = "<group>"; };
		B263D3422834273900123733 /* LetterBox.swift */ = {isa = PBXFileReference; lastKnownFileType = sourcecode.swift; path = LetterBox.swift; sourceTree = "<group>"; };
		B263D3462837F91C00123733 /* BoardDataModel.swift */ = {isa = PBXFileReference; lastKnownFileType = sourcecode.swift; path = BoardDataModel.swift; sourceTree = "<group>"; };
		B263D34A2837FC8C00123733 /* GameState.swift */ = {isa = PBXFileReference; lastKnownFileType = sourcecode.swift; path = GameState.swift; sourceTree = "<group>"; };
		B29A5E5928401D0600B35EB1 /* BoardModifiers.swift */ = {isa = PBXFileReference; lastKnownFileType = sourcecode.swift; path = BoardModifiers.swift; sourceTree = "<group>"; };
/* End PBXFileReference section */

/* Begin PBXFrameworksBuildPhase section */
		B263D32E2834102000123733 /* Frameworks */ = {
			isa = PBXFrameworksBuildPhase;
			buildActionMask = 2147483647;
			files = (
			);
			runOnlyForDeploymentPostprocessing = 0;
		};
/* End PBXFrameworksBuildPhase section */

/* Begin PBXGroup section */
		B263D3282834102000123733 = {
			isa = PBXGroup;
			children = (
				B263D3332834102000123733 /* MuddleUI */,
				B263D3322834102000123733 /* Products */,
			);
			sourceTree = "<group>";
		};
		B263D3322834102000123733 /* Products */ = {
			isa = PBXGroup;
			children = (
				B263D3312834102000123733 /* MuddleUI.app */,
			);
			name = Products;
			sourceTree = "<group>";
		};
		B263D3332834102000123733 /* MuddleUI */ = {
			isa = PBXGroup;
			children = (
				B263D3342834102000123733 /* MuddleUIApp.swift */,
				B263D3362834102000123733 /* ContentView.swift */,
				B263D3422834273900123733 /* LetterBox.swift */,
				B23129F9283C279A00E25570 /* KeyboardView.swift */,
				B263D34C2838089D00123733 /* ModelData */,
				B263D3382834102100123733 /* Assets.xcassets */,
				B263D33A2834102100123733 /* Preview Content */,
			);
			path = MuddleUI;
			sourceTree = "<group>";
		};
		B263D33A2834102100123733 /* Preview Content */ = {
			isa = PBXGroup;
			children = (
				B263D33B2834102100123733 /* Preview Assets.xcassets */,
			);
			path = "Preview Content";
			sourceTree = "<group>";
		};
		B263D34C2838089D00123733 /* ModelData */ = {
			isa = PBXGroup;
			children = (
				B263D34A2837FC8C00123733 /* GameState.swift */,
				B263D3462837F91C00123733 /* BoardDataModel.swift */,
				B29A5E5928401D0600B35EB1 /* BoardModifiers.swift */,
				B218DEC22858250C008144C7 /* WordCache.swift */,
			);
			path = ModelData;
			sourceTree = "<group>";
		};
/* End PBXGroup section */

/* Begin PBXNativeTarget section */
		B263D3302834102000123733 /* MuddleUI */ = {
			isa = PBXNativeTarget;
			buildConfigurationList = B263D33F2834102100123733 /* Build configuration list for PBXNativeTarget "MuddleUI" */;
			buildPhases = (
				B263D32D2834102000123733 /* Sources */,
				B263D32E2834102000123733 /* Frameworks */,
				B263D32F2834102000123733 /* Resources */,
			);
			buildRules = (
			);
			dependencies = (
			);
			name = MuddleUI;
			productName = MuddleUI;
			productReference = B263D3312834102000123733 /* MuddleUI.app */;
			productType = "com.apple.product-type.application";
		};
/* End PBXNativeTarget section */

/* Begin PBXProject section */
		B263D3292834102000123733 /* Project object */ = {
			isa = PBXProject;
			attributes = {
				BuildIndependentTargetsInParallel = 1;
				LastSwiftUpdateCheck = 1330;
				LastUpgradeCheck = 1330;
				TargetAttributes = {
					B263D3302834102000123733 = {
						CreatedOnToolsVersion = 13.3.1;
					};
				};
			};
			buildConfigurationList = B263D32C2834102000123733 /* Build configuration list for PBXProject "MuddleUI" */;
			compatibilityVersion = "Xcode 13.0";
			developmentRegion = en;
			hasScannedForEncodings = 0;
			knownRegions = (
				en,
				Base,
			);
			mainGroup = B263D3282834102000123733;
			productRefGroup = B263D3322834102000123733 /* Products */;
			projectDirPath = "";
			projectRoot = "";
			targets = (
				B263D3302834102000123733 /* MuddleUI */,
			);
		};
/* End PBXProject section */

/* Begin PBXResourcesBuildPhase section */
		B263D32F2834102000123733 /* Resources */ = {
			isa = PBXResourcesBuildPhase;
			buildActionMask = 2147483647;
			files = (
				B263D33C2834102100123733 /* Preview Assets.xcassets in Resources */,
				B263D3392834102100123733 /* Assets.xcassets in Resources */,
			);
			runOnlyForDeploymentPostprocessing = 0;
		};
/* End PBXResourcesBuildPhase section */

/* Begin PBXSourcesBuildPhase section */
		B263D32D2834102000123733 /* Sources */ = {
			isa = PBXSourcesBuildPhase;
			buildActionMask = 2147483647;
			files = (
				B263D3472837F91C00123733 /* BoardDataModel.swift in Sources */,
				B263D3372834102000123733 /* ContentView.swift in Sources */,
				B218DEC32858250C008144C7 /* WordCache.swift in Sources */,
				B263D34B2837FC8C00123733 /* GameState.swift in Sources */,
				B23129FA283C279A00E25570 /* KeyboardView.swift in Sources */,
				B29A5E5A28401D0600B35EB1 /* BoardModifiers.swift in Sources */,
				B263D3352834102000123733 /* MuddleUIApp.swift in Sources */,
				B263D3432834273900123733 /* LetterBox.swift in Sources */,
			);
			runOnlyForDeploymentPostprocessing = 0;
		};
/* End PBXSourcesBuildPhase section */

/* Begin XCBuildConfiguration section */
		B263D33D2834102100123733 /* Debug */ = {
			isa = XCBuildConfiguration;
			buildSettings = {
				ALWAYS_SEARCH_USER_PATHS = NO;
				CLANG_ANALYZER_NONNULL = YES;
				CLANG_ANALYZER_NUMBER_OBJECT_CONVERSION = YES_AGGRESSIVE;
				CLANG_CXX_LANGUAGE_STANDARD = "gnu++17";
				CLANG_ENABLE_MODULES = YES;
				CLANG_ENABLE_OBJC_ARC = YES;
				CLANG_ENABLE_OBJC_WEAK = YES;
				CLANG_WARN_BLOCK_CAPTURE_AUTORELEASING = YES;
				CLANG_WARN_BOOL_CONVERSION = YES;
				CLANG_WARN_COMMA = YES;
				CLANG_WARN_CONSTANT_CONVERSION = YES;
				CLANG_WARN_DEPRECATED_OBJC_IMPLEMENTATIONS = YES;
				CLANG_WARN_DIRECT_OBJC_ISA_USAGE = YES_ERROR;
				CLANG_WARN_DOCUMENTATION_COMMENTS = YES;
				CLANG_WARN_EMPTY_BODY = YES;
				CLANG_WARN_ENUM_CONVERSION = YES;
				CLANG_WARN_INFINITE_RECURSION = YES;
				CLANG_WARN_INT_CONVERSION = YES;
				CLANG_WARN_NON_LITERAL_NULL_CONVERSION = YES;
				CLANG_WARN_OBJC_IMPLICIT_RETAIN_SELF = YES;
				CLANG_WARN_OBJC_LITERAL_CONVERSION = YES;
				CLANG_WARN_OBJC_ROOT_CLASS = YES_ERROR;
				CLANG_WARN_QUOTED_INCLUDE_IN_FRAMEWORK_HEADER = YES;
				CLANG_WARN_RANGE_LOOP_ANALYSIS = YES;
				CLANG_WARN_STRICT_PROTOTYPES = YES;
				CLANG_WARN_SUSPICIOUS_MOVE = YES;
				CLANG_WARN_UNGUARDED_AVAILABILITY = YES_AGGRESSIVE;
				CLANG_WARN_UNREACHABLE_CODE = YES;
				CLANG_WARN__DUPLICATE_METHOD_MATCH = YES;
				COPY_PHASE_STRIP = NO;
				DEBUG_INFORMATION_FORMAT = dwarf;
				ENABLE_STRICT_OBJC_MSGSEND = YES;
				ENABLE_TESTABILITY = YES;
				GCC_C_LANGUAGE_STANDARD = gnu11;
				GCC_DYNAMIC_NO_PIC = NO;
				GCC_NO_COMMON_BLOCKS = YES;
				GCC_OPTIMIZATION_LEVEL = 0;
				GCC_PREPROCESSOR_DEFINITIONS = (
					"DEBUG=1",
					"$(inherited)",
				);
				GCC_WARN_64_TO_32_BIT_CONVERSION = YES;
				GCC_WARN_ABOUT_RETURN_TYPE = YES_ERROR;
				GCC_WARN_UNDECLARED_SELECTOR = YES;
				GCC_WARN_UNINITIALIZED_AUTOS = YES_AGGRESSIVE;
				GCC_WARN_UNUSED_FUNCTION = YES;
				GCC_WARN_UNUSED_VARIABLE = YES;
				IPHONEOS_DEPLOYMENT_TARGET = 15.4;
				MTL_ENABLE_DEBUG_INFO = INCLUDE_SOURCE;
				MTL_FAST_MATH = YES;
				ONLY_ACTIVE_ARCH = YES;
				SDKROOT = iphoneos;
				SWIFT_ACTIVE_COMPILATION_CONDITIONS = DEBUG;
				SWIFT_OPTIMIZATION_LEVEL = "-Onone";
			};
			name = Debug;
		};
		B263D33E2834102100123733 /* Release */ = {
			isa = XCBuildConfiguration;
			buildSettings = {
				ALWAYS_SEARCH_USER_PATHS = NO;
				CLANG_ANALYZER_NONNULL = YES;
				CLANG_ANALYZER_NUMBER_OBJECT_CONVERSION = YES_AGGRESSIVE;
				CLANG_CXX_LANGUAGE_STANDARD = "gnu++17";
				CLANG_ENABLE_MODULES = YES;
				CLANG_ENABLE_OBJC_ARC = YES;
				CLANG_ENABLE_OBJC_WEAK = YES;
				CLANG_WARN_BLOCK_CAPTURE_AUTORELEASING = YES;
				CLANG_WARN_BOOL_CONVERSION = YES;
				CLANG_WARN_COMMA = YES;
				CLANG_WARN_CONSTANT_CONVERSION = YES;
				CLANG_WARN_DEPRECATED_OBJC_IMPLEMENTATIONS = YES;
				CLANG_WARN_DIRECT_OBJC_ISA_USAGE = YES_ERROR;
				CLANG_WARN_DOCUMENTATION_COMMENTS = YES;
				CLANG_WARN_EMPTY_BODY = YES;
				CLANG_WARN_ENUM_CONVERSION = YES;
				CLANG_WARN_INFINITE_RECURSION = YES;
				CLANG_WARN_INT_CONVERSION = YES;
				CLANG_WARN_NON_LITERAL_NULL_CONVERSION = YES;
				CLANG_WARN_OBJC_IMPLICIT_RETAIN_SELF = YES;
				CLANG_WARN_OBJC_LITERAL_CONVERSION = YES;
				CLANG_WARN_OBJC_ROOT_CLASS = YES_ERROR;
				CLANG_WARN_QUOTED_INCLUDE_IN_FRAMEWORK_HEADER = YES;
				CLANG_WARN_RANGE_LOOP_ANALYSIS = YES;
				CLANG_WARN_STRICT_PROTOTYPES = YES;
				CLANG_WARN_SUSPICIOUS_MOVE = YES;
				CLANG_WARN_UNGUARDED_AVAILABILITY = YES_AGGRESSIVE;
				CLANG_WARN_UNREACHABLE_CODE = YES;
				CLANG_WARN__DUPLICATE_METHOD_MATCH = YES;
				COPY_PHASE_STRIP = NO;
				DEBUG_INFORMATION_FORMAT = "dwarf-with-dsym";
				ENABLE_NS_ASSERTIONS = NO;
				ENABLE_STRICT_OBJC_MSGSEND = YES;
				GCC_C_LANGUAGE_STANDARD = gnu11;
				GCC_NO_COMMON_BLOCKS = YES;
				GCC_WARN_64_TO_32_BIT_CONVERSION = YES;
				GCC_WARN_ABOUT_RETURN_TYPE = YES_ERROR;
				GCC_WARN_UNDECLARED_SELECTOR = YES;
				GCC_WARN_UNINITIALIZED_AUTOS = YES_AGGRESSIVE;
				GCC_WARN_UNUSED_FUNCTION = YES;
				GCC_WARN_UNUSED_VARIABLE = YES;
				IPHONEOS_DEPLOYMENT_TARGET = 15.4;
				MTL_ENABLE_DEBUG_INFO = NO;
				MTL_FAST_MATH = YES;
				SDKROOT = iphoneos;
				SWIFT_COMPILATION_MODE = wholemodule;
				SWIFT_OPTIMIZATION_LEVEL = "-O";
				VALIDATE_PRODUCT = YES;
			};
			name = Release;
		};
		B263D3402834102100123733 /* Debug */ = {
			isa = XCBuildConfiguration;
			buildSettings = {
				ASSETCATALOG_COMPILER_APPICON_NAME = AppIcon;
				ASSETCATALOG_COMPILER_GLOBAL_ACCENT_COLOR_NAME = AccentColor;
				CODE_SIGN_STYLE = Automatic;
				CURRENT_PROJECT_VERSION = 1;
				DEVELOPMENT_ASSET_PATHS = "\"MuddleUI/Preview Content\"";
				DEVELOPMENT_TEAM = 47W34PPBTP;
				ENABLE_PREVIEWS = YES;
				GENERATE_INFOPLIST_FILE = YES;
				INFOPLIST_KEY_UIApplicationSceneManifest_Generation = YES;
				INFOPLIST_KEY_UIApplicationSupportsIndirectInputEvents = YES;
				INFOPLIST_KEY_UILaunchScreen_Generation = YES;
				INFOPLIST_KEY_UISupportedInterfaceOrientations_iPad = "UIInterfaceOrientationPortrait UIInterfaceOrientationPortraitUpsideDown UIInterfaceOrientationLandscapeLeft UIInterfaceOrientationLandscapeRight";
				INFOPLIST_KEY_UISupportedInterfaceOrientations_iPhone = "UIInterfaceOrientationPortrait UIInterfaceOrientationLandscapeLeft UIInterfaceOrientationLandscapeRight";
				LD_RUNPATH_SEARCH_PATHS = (
					"$(inherited)",
					"@executable_path/Frameworks",
				);
				MARKETING_VERSION = 1.0;
				PRODUCT_BUNDLE_IDENTIFIER = org.christian.viazzo.MuddleUI;
				PRODUCT_NAME = "$(TARGET_NAME)";
				SWIFT_EMIT_LOC_STRINGS = YES;
				SWIFT_VERSION = 5.0;
				TARGETED_DEVICE_FAMILY = "1,2";
			};
			name = Debug;
		};
		B263D3412834102100123733 /* Release */ = {
			isa = XCBuildConfiguration;
			buildSettings = {
				ASSETCATALOG_COMPILER_APPICON_NAME = AppIcon;
				ASSETCATALOG_COMPILER_GLOBAL_ACCENT_COLOR_NAME = AccentColor;
				CODE_SIGN_STYLE = Automatic;
				CURRENT_PROJECT_VERSION = 1;
				DEVELOPMENT_ASSET_PATHS = "\"MuddleUI/Preview Content\"";
				DEVELOPMENT_TEAM = 47W34PPBTP;
				ENABLE_PREVIEWS = YES;
				GENERATE_INFOPLIST_FILE = YES;
				INFOPLIST_KEY_UIApplicationSceneManifest_Generation = YES;
				INFOPLIST_KEY_UIApplicationSupportsIndirectInputEvents = YES;
				INFOPLIST_KEY_UILaunchScreen_Generation = YES;
				INFOPLIST_KEY_UISupportedInterfaceOrientations_iPad = "UIInterfaceOrientationPortrait UIInterfaceOrientationPortraitUpsideDown UIInterfaceOrientationLandscapeLeft UIInterfaceOrientationLandscapeRight";
				INFOPLIST_KEY_UISupportedInterfaceOrientations_iPhone = "UIInterfaceOrientationPortrait UIInterfaceOrientationLandscapeLeft UIInterfaceOrientationLandscapeRight";
				LD_RUNPATH_SEARCH_PATHS = (
					"$(inherited)",
					"@executable_path/Frameworks",
				);
				MARKETING_VERSION = 1.0;
				PRODUCT_BUNDLE_IDENTIFIER = org.christian.viazzo.MuddleUI;
				PRODUCT_NAME = "$(TARGET_NAME)";
				SWIFT_EMIT_LOC_STRINGS = YES;
				SWIFT_VERSION = 5.0;
				TARGETED_DEVICE_FAMILY = "1,2";
			};
			name = Release;
		};
/* End XCBuildConfiguration section */

/* Begin XCConfigurationList section */
		B263D32C2834102000123733 /* Build configuration list for PBXProject "MuddleUI" */ = {
			isa = XCConfigurationList;
			buildConfigurations = (
				B263D33D2834102100123733 /* Debug */,
				B263D33E2834102100123733 /* Release */,
			);
			defaultConfigurationIsVisible = 0;
			defaultConfigurationName = Release;
		};
		B263D33F2834102100123733 /* Build configuration list for PBXNativeTarget "MuddleUI" */ = {
			isa = XCConfigurationList;
			buildConfigurations = (
				B263D3402834102100123733 /* Debug */,
				B263D3412834102100123733 /* Release */,
			);
			defaultConfigurationIsVisible = 0;
			defaultConfigurationName = Release;
		};
/* End XCConfigurationList section */
	};
	rootObject = B263D3292834102000123733 /* Project object */;
}
